
Microsoft Visual Studio Solution File, Format Version 12.00
# Visual Studio 15
VisualStudioVersion = 15.0.28307.136
MinimumVisualStudioVersion = 10.0.40219.1
Project("{8BC9CEB8-8B4A-11D0-8D11-00A0C91BC942}") = "Client", "Client\Client.vcxproj", "{F7FB4D72-CA42-421F-95FE-927FF55BE60D}"
EndProject
Global
	GlobalSection(SolutionConfigurationPlatforms) = preSolution
		Debug|x64 = Debug|x64
		Debug|x86 = Debug|x86
		Release|x64 = Release|x64
		Release|x86 = Release|x86
	EndGlobalSection
	GlobalSection(ProjectConfigurationPlatforms) = postSolution
		{F7FB4D72-CA42-421F-95FE-927FF55BE60D}.Debug|x64.ActiveCfg = Debug|x64
		{F7FB4D72-CA42-421F-95FE-927FF55BE60D}.Debug|x64.Build.0 = Debug|x64
		{F7FB4D72-CA42-421F-95FE-927FF55BE60D}.Debug|x86.ActiveCfg = Debug|Win32
		{F7FB4D72-CA42-421F-95FE-927FF55BE60D}.Debug|x86.Build.0 = Debug|Win32
		{F7FB4D72-CA42-421F-95FE-927FF55BE60D}.Release|x64.ActiveCfg = Release|x64
		{F7FB4D72-CA42-421F-95FE-927FF55BE60D}.Release|x64.Build.0 = Release|x64
		{F7FB4D72-CA42-421F-95FE-927FF55BE60D}.Release|x86.ActiveCfg = Release|Win32
		{F7FB4D72-CA42-421F-95FE-927FF55BE60D}.Release|x86.Build.0 = Release|Win32
	EndGlobalSection
	GlobalSection(SolutionProperties) = preSolution
		HideSolutionNode = FALSE
	EndGlobalSection
	GlobalSection(ExtensibilityGlobals) = postSolution
		SolutionGuid = {6961287A-9793-4591-9039-F7EB71E06747}
	EndGlobalSection
EndGlobal
