
Microsoft Visual Studio Solution File, Format Version 12.00
# Visual Studio 15
VisualStudioVersion = 15.0.28307.136
MinimumVisualStudioVersion = 10.0.40219.1
Project("{8BC9CEB8-8B4A-11D0-8D11-00A0C91BC942}") = "AiRPGEnv", "AiRPGEnv\AiRPGEnv.vcxproj", "{C1B67D14-265F-441F-B55D-AFFA464DC306}"
EndProject
Global
	GlobalSection(SolutionConfigurationPlatforms) = preSolution
		Debug|x64 = Debug|x64
		Debug|x86 = Debug|x86
		Release|x64 = Release|x64
		Release|x86 = Release|x86
	EndGlobalSection
	GlobalSection(ProjectConfigurationPlatforms) = postSolution
		{C1B67D14-265F-441F-B55D-AFFA464DC306}.Debug|x64.ActiveCfg = Debug|x64
		{C1B67D14-265F-441F-B55D-AFFA464DC306}.Debug|x64.Build.0 = Debug|x64
		{C1B67D14-265F-441F-B55D-AFFA464DC306}.Debug|x86.ActiveCfg = Debug|Win32
		{C1B67D14-265F-441F-B55D-AFFA464DC306}.Debug|x86.Build.0 = Debug|Win32
		{C1B67D14-265F-441F-B55D-AFFA464DC306}.Release|x64.ActiveCfg = Release|x64
		{C1B67D14-265F-441F-B55D-AFFA464DC306}.Release|x64.Build.0 = Release|x64
		{C1B67D14-265F-441F-B55D-AFFA464DC306}.Release|x86.ActiveCfg = Release|Win32
		{C1B67D14-265F-441F-B55D-AFFA464DC306}.Release|x86.Build.0 = Release|Win32
	EndGlobalSection
	GlobalSection(SolutionProperties) = preSolution
		HideSolutionNode = FALSE
	EndGlobalSection
	GlobalSection(ExtensibilityGlobals) = postSolution
		SolutionGuid = {FFE4017E-7ACB-4C73-A03F-A46EACD154FB}
	EndGlobalSection
EndGlobal
